
Microsoft Visual Studio Solution File, Format Version 12.00
# Visual Studio 15
Project("{FAE04EC0-301F-11D3-BF4B-00C04F79EFBC}") = "Assembly-CSharp", "Assembly-CSharp.csproj", "{AF2FCA01-68CE-F30B-5364-1B26F46C662F}"
EndProject
Project("{FAE04EC0-301F-11D3-BF4B-00C04F79EFBC}") = "Assembly-CSharp-Editor", "Assembly-CSharp-Editor.csproj", "{A0F1878F-D277-0F2C-7668-7057D493DEAB}"
EndProject
Global
	GlobalSection(SolutionConfigurationPlatforms) = preSolution
		Debug|Any CPU = Debug|Any CPU
		Release|Any CPU = Release|Any CPU
	EndGlobalSection
	GlobalSection(ProjectConfigurationPlatforms) = postSolution
		{AF2FCA01-68CE-F30B-5364-1B26F46C662F}.Debug|Any CPU.ActiveCfg = Debug|Any CPU
		{AF2FCA01-68CE-F30B-5364-1B26F46C662F}.Debug|Any CPU.Build.0 = Debug|Any CPU
		{AF2FCA01-68CE-F30B-5364-1B26F46C662F}.Release|Any CPU.ActiveCfg = Release|Any CPU
		{AF2FCA01-68CE-F30B-5364-1B26F46C662F}.Release|Any CPU.Build.0 = Release|Any CPU
		{A0F1878F-D277-0F2C-7668-7057D493DEAB}.Debug|Any CPU.ActiveCfg = Debug|Any CPU
		{A0F1878F-D277-0F2C-7668-7057D493DEAB}.Debug|Any CPU.Build.0 = Debug|Any CPU
		{A0F1878F-D277-0F2C-7668-7057D493DEAB}.Release|Any CPU.ActiveCfg = Release|Any CPU
		{A0F1878F-D277-0F2C-7668-7057D493DEAB}.Release|Any CPU.Build.0 = Release|Any CPU
	EndGlobalSection
	GlobalSection(SolutionProperties) = preSolution
		HideSolutionNode = FALSE
	EndGlobalSection
EndGlobal
